<Solution>
  <Folder Name="/samples/">
    <Project Path="samples/E2E.Sample/E2E.Sample.csproj" />
    <Project Path="samples/E2E.XUnit.V3.Sample/E2E.XUnit.V3.Sample.csproj" />
  </Folder>
  <Folder Name="/src/">
    <Project Path="src/E2E.Cli/E2E.Cli.csproj" />
    <Project Path="src/E2E.NUnit/E2E.NUnit.csproj" />
    <Project Path="src/E2E.XUnit.V3/E2E.XUnit.V3.csproj" />
    <Project Path="src/E2E/E2E.csproj" />
  </Folder>
  <Folder Name="/tests/">
    <Project Path="tests/E2E.Agent.Tests/E2E.Agent.Tests.csproj" />
    <Project Path="tests/E2E.Cli.Tests/E2E.Cli.Tests.csproj" />
    <Project Path="tests/E2E.NUnit.Tests/E2E.NUnit.Tests.csproj" />
    <Project Path="tests/E2E.Tests/E2E.Tests.csproj" />
  </Folder>
</Solution>
